Microsoft Visual Studio Solution File, Format Version 12.00
# Visual Studio Version 17
VisualStudioVersion = 17.5.2.0
MinimumVisualStudioVersion = 10.0.40219.1
Project("{FAE04EC0-301F-11D3-BF4B-00C04F79EFBC}") = "CatalogoAzure", "CatalogoAzure.csproj", "{3E42BDDF-7FA6-839F-9CFF-3F90FF06BEAB}"
EndProject
Global
	GlobalSection(SolutionConfigurationPlatforms) = preSolution
		Debug|Any CPU = Debug|Any CPU
		Release|Any CPU = Release|Any CPU
	EndGlobalSection
	GlobalSection(ProjectConfigurationPlatforms) = postSolution
		{3E42BDDF-7FA6-839F-9CFF-3F90FF06BEAB}.Debug|Any CPU.ActiveCfg = Debug|Any CPU
		{3E42BDDF-7FA6-839F-9CFF-3F90FF06BEAB}.Debug|Any CPU.Build.0 = Debug|Any CPU
		{3E42BDDF-7FA6-839F-9CFF-3F90FF06BEAB}.Release|Any CPU.ActiveCfg = Release|Any CPU
		{3E42BDDF-7FA6-839F-9CFF-3F90FF06BEAB}.Release|Any CPU.Build.0 = Release|Any CPU
	EndGlobalSection
	GlobalSection(SolutionProperties) = preSolution
		HideSolutionNode = FALSE
	EndGlobalSection
	GlobalSection(ExtensibilityGlobals) = postSolution
		SolutionGuid = {96A8DF30-63C8-4FF5-905F-37DCDC54088C}
	EndGlobalSection
EndGlobal
